{
  "name": "typescript-todo-list",
  "version": "0.1.0",
  "lockfileVersion": 2,
  "requires": true,
  "packages": {
    "": {
      "name": "typescript-todo-list",
      "version": "0.1.0",
      "dependencies": {
        "@testing-library/jest-dom": "^5.11.4",
        "@testing-library/react": "^11.1.0",
