{
  "name": "typescript-todo-list",
  "version": "0.1.0",
  "lockfileVersion": 2,
  "requires": true,
  "packages": {
    "": {
      "name": "typescript-todo-list",
      "version": "0.1.0",
      "dependencies": {
        "@testing-library/jest-dom": "^5.11.4",
        "@testing-library/react": "^11.1.0",
        "@testing-library/user-event": "^12.1.10",
        "@types/jest": "^26.0.15",
        "@types/node": "^12.0.0",
   "@types/react": "^17.0.0",
        "@types/react-dom": "^17.0.0",
        "moment": "^2.29.1",
        "react": "^17.0.1",
        "react-dom": "^17.0.1",
        "react-scripts": "4.0.3",
        "typescript": "^4.1.2",
        "web-vitals": "^1.0.1"
      }
    },
    "node_modules/@babel/code-frame": {
      "version": "7.12.13",
      "resolved": "https://registry.yarnpkg.com/@babel/code-frame/-/code-frame-7.12.13.tgz",
      "integrity": "sha512-HV1Cm0Q3ZrpCR93tkWOYiuYIgLxZXZFVG2VgK+MBWjUqZTundupbfx2aXarXuw5Ko5aMcjtJgbSs4vUGBS5v6g==",
      "license": "MIT",
      "dependencies": {
        "@babel/highlight": "^7.12.13"
      }
    },
    "node_modules/@babel/compat-data": {
      "version": "7.12.13",
      "resolved": "https://registry.yarnpkg.com/@babel/compat-data/-/compat-data-7.12.13.tgz",
      "integrity": "sha512-U/hshG5R+SIoW7HVWIdmy1cB7s3ki+r3FpyEZiCgpi4tFgPnX/vynY80ZGSASOIrUM6O7VxOgCZgdt7h97bUGg==",
      "license": "MIT"
    },
    "node_modules/@babel/core": {
      "version": "7.12.17",
      "resolved": "https://registry.yarnpkg.com/@babel/core/-/core-7.12.17.tgz",
      "integrity": "sha512-V3CuX1aBywbJvV2yzJScRxeiiw0v2KZZYYE3giywxzFJL13RiyPjaaDwhDnxmgFTTS7FgvM2ijr4QmKNIu0AtQ==",
      "license": "MIT",
      "dependencies": {
        "@babel/code-frame": "^7.12.13",
        "@babel/generator": "^7.12.17",
        "@babel/helper-module-transforms": "^7.12.17",
        "@babel/helpers": "^7.12.17",
        "@babel/parser": "^7.12.17",
        "@babel/template": "^7.12.13",
        "@babel/traverse": "^7.12.17",
        "@babel/types": "^7.12.17",
        "convert-source-map": "^1.7.0",
        "debug": "^4.1.0",
        "gensync": "^1.0.0-beta.1",
        "json5": "^2.1.2",
        "lodash": "^4.17.19",
        "semver": "^5.4.1",
        "source-map": "^0.5.0"
      },
      "engines": {
        "node": ">=6.9.0"
      },
      "funding": {
        "type": "opencollective",
        "url": "https://opencollective.com/babel"
      }
    },
    "node_modules/@babel/core/node_modules/json5": {
      "version": "2.2.0",
      "resolved": "https://registry.yarnpkg.com/json5/-/json5-2.2.0.tgz",
      "integrity": "sha512-f+8cldu7X/y7RAJurMEJmdoKXGB/X550w2Nr3tTbezL6RwEE/iMcm+tZnXeoZtKuOq6ft8+CqzEkrIgx1fPoQA==",
      "license": "MIT",
      "dependencies": {
        "minimist": "^1.2.5"
      },
      "bin": {
        "json5": "lib/cli.js"
      },
      "engines": {
        "node": ">=6"
      }
    },
    "node_modules/@babel/core/node_modules/source-map": {
      "version": "0.5.7",
      "resolved": "https://registry.yarnpkg.com/source-map/-/source-map-0.5.7.tgz",
      "integrity": "sha1-igOdLRAh0i0eoUyA2OpGi6LvP8w=",
      "license": "BSD-3-Clause",
      "engines": {
        "node": ">=0.10.0"
      }
    },
    "node_modules/@babel/generator": {
      "version": "7.12.17",
      "resolved": "https://registry.yarnpkg.com/@babel/generator/-/generator-7.12.17.tgz",
      "integrity": "sha512-DSA7ruZrY4WI8VxuS1jWSRezFnghEoYEFrZcw9BizQRmOZiUsiHl59+qEARGPqPikwA/GPTyRCi7isuCK/oyqg==",
      "license": "MIT",
      "dependencies": {
        "@babel/types": "^7.12.17",
        "jsesc": "^2.5.1",
        "source-map": "^0.5.0"
      }
    },
    "node_modules/@babel/generator/node_modules/source-map": {
      "version": "0.5.7",
      "resolved": "https://registry.yarnpkg.com/source-map/-/source-map-0.5.7.tgz",
      "integrity": "sha1-igOdLRAh0i0eoUyA2OpGi6LvP8w=",
      "license": "BSD-3-Clause",
      "engines": {
        "node": ">=0.10.0"
      }
    },
    "node_modules/@babel/helper-annotate-as-pure": {
      "version": "7.12.13",
      "resolved": "https://registry.yarnpkg.com/@babel/helper-annotate-as-pure/-/helper-annotate-as-pure-7.12.13.tgz",
      "integrity": "sha512-7YXfX5wQ5aYM/BOlbSccHDbuXXFPxeoUmfWtz8le2yTkTZc+BxsiEnENFoi2SlmA8ewDkG2LgIMIVzzn2h8kfw==",
